// !$*UTF8*$!
{
	archiveVersion = 1;
	classes = {
	};
	objectVersion = 50;
	objects = {

/* Begin PBXBuildFile section */
		A450C6622205ADE100BA4047 /* AppDelegate.swift in Sources */ = {isa = PBXBuildFile; fileRef = A450C6612205ADE100BA4047 /* AppDelegate.swift */; };
		A450C6652205ADE100BA4047 /* LessonBookT.xcdatamodeld in Sources */ = {isa = PBXBuildFile; fileRef = A450C6632205ADE100BA4047 /* LessonBookT.xcdatamodeld */; };
		A450C6672205ADE100BA4047 /* MasterViewController.swift in Sources */ = {isa = PBXBuildFile; fileRef = A450C6662205ADE100BA4047 /* MasterViewController.swift */; };
		A450C6692205ADE100BA4047 /* DetailViewController.swift in Sources */ = {isa = PBXBuildFile; fileRef = A450C6682205ADE100BA4047 /* DetailViewController.swift */; };
		A450C66C2205ADE200BA4047 /* Main.storyboard in Resources */ = {isa = PBXBuildFile; fileRef = A450C66A2205ADE200BA4047 /* Main.storyboard */; };
		A450C66E2205AE0F00BA4047 /* Assets.xcassets in Resources */ = {isa = PBXBuildFile; fileRef = A450C66D2205AE0F00BA4047 /* Assets.xcassets */; };
		A450C6712205AE0F00BA4047 /* LaunchScreen.storyboard in Resources */ = {isa = PBXBuildFile; fileRef = A450C66F2205AE0F00BA4047 /* LaunchScreen.storyboard */; };
		A450C67C2205AE1200BA4047 /* LessonBookTTests.swift in Sources */ = {isa = PBXBuildFile; fileRef = A450C67B2205AE1200BA4047 /* LessonBookTTests.swift */; };
		A450C6872205AE1200BA4047 /* LessonBookTUITests.swift in Sources */ = {isa = PBXBuildFile; fileRef = A450C6862205AE1200BA4047 /* LessonBookTUITests.swift */; };
		A450C6932205B4CC00BA4047 /* CloudKit.framework in Frameworks */ = {isa = PBXBuildFile; fileRef = A4C1C94F21FDAD6000A88255 /* CloudKit.framework */; };
		A450C6942205B4F000BA4047 /* StoreKit.framework in Frameworks */ = {isa = PBXBuildFile; fileRef = A4C1C95121FDAD6800A88255 /* StoreKit.framework */; };
		A450C6962205BFE400BA4047 /* CloudKitManagedObject.swift in Sources */ = {isa = PBXBuildFile; fileRef = A450C6952205BFE400BA4047 /* CloudKitManagedObject.swift */; };
		A450C69B22063F0200BA4047 /* Student+CoreDataClass.swift in Sources */ = {isa = PBXBuildFile; fileRef = A450C69922063F0200BA4047 /* Student+CoreDataClass.swift */; };
		A450C69C22063F0200BA4047 /* Student+CoreDataClass.swift in Sources */ = {isa = PBXBuildFile; fileRef = A450C69922063F0200BA4047 /* Student+CoreDataClass.swift */; };
		A450C69D22063F0200BA4047 /* Student+CoreDataClass.swift in Sources */ = {isa = PBXBuildFile; fileRef = A450C69922063F0200BA4047 /* Student+CoreDataClass.swift */; };
		A450C69E22063F0200BA4047 /* Student+CoreDataProperties.swift in Sources */ = {isa = PBXBuildFile; fileRef = A450C69A22063F0200BA4047 /* Student+CoreDataProperties.swift */; };
		A450C69F22063F0200BA4047 /* Student+CoreDataProperties.swift in Sources */ = {isa = PBXBuildFile; fileRef = A450C69A22063F0200BA4047 /* Student+CoreDataProperties.swift */; };
		A450C6A022063F0200BA4047 /* Student+CoreDataProperties.swift in Sources */ = {isa = PBXBuildFile; fileRef = A450C69A22063F0200BA4047 /* Student+CoreDataProperties.swift */; };
		A450C6A1220646BC00BA4047 /* CloudKitManagedObject.swift in Sources */ = {isa = PBXBuildFile; fileRef = A450C6952205BFE400BA4047 /* CloudKitManagedObject.swift */; };
		A450C6A2220646BD00BA4047 /* CloudKitManagedObject.swift in Sources */ = {isa = PBXBuildFile; fileRef = A450C6952205BFE400BA4047 /* CloudKitManagedObject.swift */; };
		A49CC7982221D24E00D9FA1F /* ImageExtensions.swift in Sources */ = {isa = PBXBuildFile; fileRef = A49CC7972221D24E00D9FA1F /* ImageExtensions.swift */; };
		A4C1C8E221FDA95100A88255 /* AppDelegate.swift in Sources */ = {isa = PBXBuildFile; fileRef = A4C1C8E121FDA95100A88255 /* AppDelegate.swift */; };
		A4C1C8E421FDA95100A88255 /* ViewController.swift in Sources */ = {isa = PBXBuildFile; fileRef = A4C1C8E321FDA95100A88255 /* ViewController.swift */; };
		A4C1C8E721FDA95100A88255 /* LessonBookX.xcdatamodeld in Sources */ = {isa = PBXBuildFile; fileRef = A4C1C8E521FDA95100A88255 /* LessonBookX.xcdatamodeld */; };
		A4C1C8E921FDA95500A88255 /* Assets.xcassets in Resources */ = {isa = PBXBuildFile; fileRef = A4C1C8E821FDA95500A88255 /* Assets.xcassets */; };
		A4C1C8EC21FDA95500A88255 /* Main.storyboard in Resources */ = {isa = PBXBuildFile; fileRef = A4C1C8EA21FDA95500A88255 /* Main.storyboard */; };
		A4C1C8F821FDA95500A88255 /* LessonBookXTests.swift in Sources */ = {isa = PBXBuildFile; fileRef = A4C1C8F721FDA95500A88255 /* LessonBookXTests.swift */; };
		A4C1C90321FDA95500A88255 /* LessonBookXUITests.swift in Sources */ = {isa = PBXBuildFile; fileRef = A4C1C90221FDA95500A88255 /* LessonBookXUITests.swift */; };
		A4C1C91221FDA97400A88255 /* CloudKit.framework in Frameworks */ = {isa = PBXBuildFile; fileRef = A4C1C91121FDA97400A88255 /* CloudKit.framework */; };
		A4C1C91421FDA9B900A88255 /* StoreKit.framework in Frameworks */ = {isa = PBXBuildFile; fileRef = A4C1C91321FDA9B900A88255 /* StoreKit.framework */; };
		A4C1C91621FDA9C200A88255 /* MapKit.framework in Frameworks */ = {isa = PBXBuildFile; fileRef = A4C1C91521FDA9C200A88255 /* MapKit.framework */; };
		A4C1C95B21FDBC2900A88255 /* Student+CoreDataClass.swift in Sources */ = {isa = PBXBuildFile; fileRef = A4C1C95921FDBC2900A88255 /* Student+CoreDataClass.swift */; };
		A4C1C95C21FDBC2900A88255 /* Student+CoreDataProperties.swift in Sources */ = {isa = PBXBuildFile; fileRef = A4C1C95A21FDBC2900A88255 /* Student+CoreDataProperties.swift */; };
		A4C1C970220284CC00A88255 /* Localizable.strings in Resources */ = {isa = PBXBuildFile; fileRef = A4C1C972220284CC00A88255 /* Localizable.strings */; };
		A4D3AD492207A55B00D48A64 /* CloudKitManagedObject.swift in Sources */ = {isa = PBXBuildFile; fileRef = A450C6952205BFE400BA4047 /* CloudKitManagedObject.swift */; };
		A4D3AD4A2207A55B00D48A64 /* CloudKitManagedObject.swift in Sources */ = {isa = PBXBuildFile; fileRef = A450C6952205BFE400BA4047 /* CloudKitManagedObject.swift */; };
		A4D3AD4B2207A55C00D48A64 /* CloudKitManagedObject.swift in Sources */ = {isa = PBXBuildFile; fileRef = A450C6952205BFE400BA4047 /* CloudKitManagedObject.swift */; };
		A4D3AD92221330E100D48A64 /* ZoneOperations.swift in Sources */ = {isa = PBXBuildFile; fileRef = A4D3AD91221330E100D48A64 /* ZoneOperations.swift */; };
		A4D3AD932213B72500D48A64 /* ZoneOperations.swift in Sources */ = {isa = PBXBuildFile; fileRef = A4D3AD91221330E100D48A64 /* ZoneOperations.swift */; };
		A4D3AD952215161800D48A64 /* StudentEditViewController.swift in Sources */ = {isa = PBXBuildFile; fileRef = A4D3AD942215161700D48A64 /* StudentEditViewController.swift */; };
		A4EDB83B2220AD9E00412A47 /* blank-avatar.jpg in Resources */ = {isa = PBXBuildFile; fileRef = A4EDB83A2220AD9C00412A47 /* blank-avatar.jpg */; };
		A4EDB83C2220AD9F00412A47 /* blank-avatar.jpg in Resources */ = {isa = PBXBuildFile; fileRef = A4EDB83A2220AD9C00412A47 /* blank-avatar.jpg */; };
		A4EDB83E2220B7C900412A47 /* EditStudentProfileController.swift in Sources */ = {isa = PBXBuildFile; fileRef = A4EDB83D2220B7C900412A47 /* EditStudentProfileController.swift */; };
/* End PBXBuildFile section */

/* Begin PBXContainerItemProxy section */
		A450C6782205AE1200BA4047 /* PBXContainerItemProxy */ = {
			isa = PBXContainerItemProxy;
			containerPortal = A4C1C8D621FDA95100A88255 /* Project object */;
			proxyType = 1;
			remoteGlobalIDString = A450C65E2205ADE000BA4047;
			remoteInfo = LessonBookT;
		};
		A450C6832205AE1200BA4047 /* PBXContainerItemProxy */ = {
			isa = PBXContainerItemProxy;
			containerPortal = A4C1C8D621FDA95100A88255 /* Project object */;
			proxyType = 1;
			remoteGlobalIDString = A450C65E2205ADE000BA4047;
			remoteInfo = LessonBookT;
		};
		A4C1C8F421FDA95500A88255 /* PBXContainerItemProxy */ = {
			isa = PBXContainerItemProxy;
			containerPortal = A4C1C8D621FDA95100A88255 /* Project object */;
			proxyType = 1;
			remoteGlobalIDString = A4C1C8DD21FDA95100A88255;
			remoteInfo = LessonBookX;
		};
		A4C1C8FF21FDA95500A88255 /* PBXContainerItemProxy */ = {
			isa = PBXContainerItemProxy;
			containerPortal = A4C1C8D621FDA95100A88255 /* Project object */;
			proxyType = 1;
			remoteGlobalIDString = A4C1C8DD21FDA95100A88255;
			remoteInfo = LessonBookX;
		};
/* End PBXContainerItemProxy section */

/* Begin PBXFileReference section */
		A450C65F2205ADE000BA4047 /* LessonBookT.app */ = {isa = PBXFileReference; explicitFileType = wrapper.application; includeInIndex = 0; path = LessonBookT.app; sourceTree = BUILT_PRODUCTS_DIR; };
		A450C6612205ADE100BA4047 /* AppDelegate.swift */ = {isa = PBXFileReference; lastKnownFileType = sourcecode.swift; path = AppDelegate.swift; sourceTree = "<group>"; };
		A450C6642205ADE100BA4047 /* LessonBookT.xcdatamodel */ = {isa = PBXFileReference; lastKnownFileType = wrapper.xcdatamodel; path = LessonBookT.xcdatamodel; sourceTree = "<group>"; };
		A450C6662205ADE100BA4047 /* MasterViewController.swift */ = {isa = PBXFileReference; lastKnownFileType = sourcecode.swift; path = MasterViewController.swift; sourceTree = "<group>"; };
		A450C6682205ADE100BA4047 /* DetailViewController.swift */ = {isa = PBXFileReference; lastKnownFileType = sourcecode.swift; path = DetailViewController.swift; sourceTree = "<group>"; };
		A450C66B2205ADE200BA4047 /* Base */ = {isa = PBXFileReference; lastKnownFileType = file.storyboard; name = Base; path = Base.lproj/Main.storyboard; sourceTree = "<group>"; };
		A450C66D2205AE0F00BA4047 /* Assets.xcassets */ = {isa = PBXFileReference; lastKnownFileType = folder.assetcatalog; path = Assets.xcassets; sourceTree = "<group>"; };
		A450C6702205AE0F00BA4047 /* Base */ = {isa = PBXFileReference; lastKnownFileType = file.storyboard; name = Base; path = Base.lproj/LaunchScreen.storyboard; sourceTree = "<group>"; };
		A450C6722205AE0F00BA4047 /* Info.plist */ = {isa = PBXFileReference; lastKnownFileType = text.plist.xml; path = Info.plist; sourceTree = "<group>"; };
		A450C6772205AE1200BA4047 /* LessonBookTTests.xctest */ = {isa = PBXFileReference; explicitFileType = wrapper.cfbundle; includeInIndex = 0; path = LessonBookTTests.xctest; sourceTree = BUILT_PRODUCTS_DIR; };
		A450C67B2205AE1200BA4047 /* LessonBookTTests.swift */ = {isa = PBXFileReference; lastKnownFileType = sourcecode.swift; path = LessonBookTTests.swift; sourceTree = "<group>"; };
		A450C67D2205AE1200BA4047 /* Info.plist */ = {isa = PBXFileReference; lastKnownFileType = text.plist.xml; path = Info.plist; sourceTree = "<group>"; };
		A450C6822205AE1200BA4047 /* LessonBookTUITests.xctest */ = {isa = PBXFileReference; explicitFileType = wrapper.cfbundle; includeInIndex = 0; path = LessonBookTUITests.xctest; sourceTree = BUILT_PRODUCTS_DIR; };
		A450C6862205AE1200BA4047 /* LessonBookTUITests.swift */ = {isa = PBXFileReference; lastKnownFileType = sourcecode.swift; path = LessonBookTUITests.swift; sourceTree = "<group>"; };
		A450C6882205AE1200BA4047 /* Info.plist */ = {isa = PBXFileReference; lastKnownFileType = text.plist.xml; path = Info.plist; sourceTree = "<group>"; };
		A450C6922205B4C500BA4047 /* LessonBookT.entitlements */ = {isa = PBXFileReference; lastKnownFileType = text.plist.entitlements; path = LessonBookT.entitlements; sourceTree = "<group>"; };
		A450C6952205BFE400BA4047 /* CloudKitManagedObject.swift */ = {isa = PBXFileReference; lastKnownFileType = sourcecode.swift; path = CloudKitManagedObject.swift; sourceTree = "<group>"; };
		A450C69922063F0200BA4047 /* Student+CoreDataClass.swift */ = {isa = PBXFileReference; lastKnownFileType = sourcecode.swift; path = "Student+CoreDataClass.swift"; sourceTree = "<group>"; };
		A450C69A22063F0200BA4047 /* Student+CoreDataProperties.swift */ = {isa = PBXFileReference; lastKnownFileType = sourcecode.swift; path = "Student+CoreDataProperties.swift"; sourceTree = "<group>"; };
		A49CC7972221D24E00D9FA1F /* ImageExtensions.swift */ = {isa = PBXFileReference; lastKnownFileType = sourcecode.swift; path = ImageExtensions.swift; sourceTree = "<group>"; };
		A4BA9C3E221A170D00A65642 /* LessonBookT 2.xcdatamodel */ = {isa = PBXFileReference; lastKnownFileType = wrapper.xcdatamodel; path = "LessonBookT 2.xcdatamodel"; sourceTree = "<group>"; };
		A4C1C8DE21FDA95100A88255 /* LessonBookX.app */ = {isa = PBXFileReference; explicitFileType = wrapper.application; includeInIndex = 0; path = LessonBookX.app; sourceTree = BUILT_PRODUCTS_DIR; };
		A4C1C8E121FDA95100A88255 /* AppDelegate.swift */ = {isa = PBXFileReference; lastKnownFileType = sourcecode.swift; path = AppDelegate.swift; sourceTree = "<group>"; };
		A4C1C8E321FDA95100A88255 /* ViewController.swift */ = {isa = PBXFileReference; lastKnownFileType = sourcecode.swift; path = ViewController.swift; sourceTree = "<group>"; };
		A4C1C8E621FDA95100A88255 /* LessonBookX.xcdatamodel */ = {isa = PBXFileReference; lastKnownFileType = wrapper.xcdatamodel; path = LessonBookX.xcdatamodel; sourceTree = "<group>"; };
		A4C1C8E821FDA95500A88255 /* Assets.xcassets */ = {isa = PBXFileReference; lastKnownFileType = folder.assetcatalog; path = Assets.xcassets; sourceTree = "<group>"; };
		A4C1C8EB21FDA95500A88255 /* Base */ = {isa = PBXFileReference; lastKnownFileType = file.storyboard; name = Base; path = Base.lproj/Main.storyboard; sourceTree = "<group>"; };
		A4C1C8ED21FDA95500A88255 /* Info.plist */ = {isa = PBXFileReference; lastKnownFileType = text.plist.xml; path = Info.plist; sourceTree = "<group>"; };
		A4C1C8EE21FDA95500A88255 /* LessonBookX.entitlements */ = {isa = PBXFileReference; lastKnownFileType = text.plist.entitlements; path = LessonBookX.entitlements; sourceTree = "<group>"; };
		A4C1C8F321FDA95500A88255 /* LessonBookXTests.xctest */ = {isa = PBXFileReference; explicitFileType = wrapper.cfbundle; includeInIndex = 0; path = LessonBookXTests.xctest; sourceTree = BUILT_PRODUCTS_DIR; };
		A4C1C8F721FDA95500A88255 /* LessonBookXTests.swift */ = {isa = PBXFileReference; lastKnownFileType = sourcecode.swift; path = LessonBookXTests.swift; sourceTree = "<group>"; };
		A4C1C8F921FDA95500A88255 /* Info.plist */ = {isa = PBXFileReference; lastKnownFileType = text.plist.xml; path = Info.plist; sourceTree = "<group>"; };
		A4C1C8FE21FDA95500A88255 /* LessonBookXUITests.xctest */ = {isa = PBXFileReference; explicitFileType = wrapper.cfbundle; includeInIndex = 0; path = LessonBookXUITests.xctest; sourceTree = BUILT_PRODUCTS_DIR; };
		A4C1C90221FDA95500A88255 /* LessonBookXUITests.swift */ = {isa = PBXFileReference; lastKnownFileType = sourcecode.swift; path = LessonBookXUITests.swift; sourceTree = "<group>"; };
		A4C1C90421FDA95500A88255 /* Info.plist */ = {isa = PBXFileReference; lastKnownFileType = text.plist.xml; path = Info.plist; sourceTree = "<group>"; };
		A4C1C91121FDA97400A88255 /* CloudKit.framework */ = {isa = PBXFileReference; lastKnownFileType = wrapper.framework; name = CloudKit.framework; path = System/Library/Frameworks/CloudKit.framework; sourceTree = SDKROOT; };
		A4C1C91321FDA9B900A88255 /* StoreKit.framework */ = {isa = PBXFileReference; lastKnownFileType = wrapper.framework; name = StoreKit.framework; path = System/Library/Frameworks/StoreKit.framework; sourceTree = SDKROOT; };
		A4C1C91521FDA9C200A88255 /* MapKit.framework */ = {isa = PBXFileReference; lastKnownFileType = wrapper.framework; name = MapKit.framework; path = System/Library/Frameworks/MapKit.framework; sourceTree = SDKROOT; };
		A4C1C94F21FDAD6000A88255 /* CloudKit.framework */ = {isa = PBXFileReference; lastKnownFileType = wrapper.framework; name = CloudKit.framework; path = Platforms/iPhoneOS.platform/Developer/SDKs/iPhoneOS12.1.sdk/System/Library/Frameworks/CloudKit.framework; sourceTree = DEVELOPER_DIR; };
		A4C1C95121FDAD6800A88255 /* StoreKit.framework */ = {isa = PBXFileReference; lastKnownFileType = wrapper.framework; name = StoreKit.framework; path = Platforms/iPhoneOS.platform/Developer/SDKs/iPhoneOS12.1.sdk/System/Library/Frameworks/StoreKit.framework; sourceTree = DEVELOPER_DIR; };
		A4C1C95321FDAD6E00A88255 /* MapKit.framework */ = {isa = PBXFileReference; lastKnownFileType = wrapper.framework; name = MapKit.framework; path = Platforms/iPhoneOS.platform/Developer/SDKs/iPhoneOS12.1.sdk/System/Library/Frameworks/MapKit.framework; sourceTree = DEVELOPER_DIR; };
		A4C1C95921FDBC2900A88255 /* Student+CoreDataClass.swift */ = {isa = PBXFileReference; lastKnownFileType = sourcecode.swift; path = "Student+CoreDataClass.swift"; sourceTree = "<group>"; };
		A4C1C95A21FDBC2900A88255 /* Student+CoreDataProperties.swift */ = {isa = PBXFileReference; lastKnownFileType = sourcecode.swift; path = "Student+CoreDataProperties.swift"; sourceTree = "<group>"; };
		A4C1C9652202836A00A88255 /* es */ = {isa = PBXFileReference; lastKnownFileType = text.plist.strings; name = es; path = es.lproj/Main.strings; sourceTree = "<group>"; };
		A4C1C971220284CC00A88255 /* en */ = {isa = PBXFileReference; lastKnownFileType = text.plist.strings; name = en; path = en.lproj/Localizable.strings; sourceTree = "<group>"; };
		A4C1C973220284D000A88255 /* es */ = {isa = PBXFileReference; lastKnownFileType = text.plist.strings; name = es; path = es.lproj/Localizable.strings; sourceTree = "<group>"; };
		A4D3AD642207A99E00D48A64 /* LessonBookXTTests.xctest */ = {isa = PBXFileReference; explicitFileType = wrapper.cfbundle; includeInIndex = 0; path = LessonBookXTTests.xctest; sourceTree = BUILT_PRODUCTS_DIR; };
		A4D3AD87220990E700D48A64 /* LessonBookXTTests copy-Info.plist */ = {isa = PBXFileReference; lastKnownFileType = text.plist.xml; name = "LessonBookXTTests copy-Info.plist"; path = "/Users/michaeltoth/Documents/LessonBookX/LessonBookXTTests copy-Info.plist"; sourceTree = "<absolute>"; };
		A4D3AD90220990EB00D48A64 /* LessonBookXTTests copy copy-Info.plist */ = {isa = PBXFileReference; lastKnownFileType = text.plist.xml; name = "LessonBookXTTests copy copy-Info.plist"; path = "/Users/michaeltoth/Documents/LessonBookX/LessonBookXTTests copy copy-Info.plist"; sourceTree = "<absolute>"; };
		A4D3AD91221330E100D48A64 /* ZoneOperations.swift */ = {isa = PBXFileReference; lastKnownFileType = sourcecode.swift; path = ZoneOperations.swift; sourceTree = "<group>"; };
		A4D3AD942215161700D48A64 /* StudentEditViewController.swift */ = {isa = PBXFileReference; lastKnownFileType = sourcecode.swift; path = StudentEditViewController.swift; sourceTree = "<group>"; };
		A4EDB83A2220AD9C00412A47 /* blank-avatar.jpg */ = {isa = PBXFileReference; lastKnownFileType = image.jpeg; name = "blank-avatar.jpg"; path = "Assets.xcassets/blank-avatar.jpg"; sourceTree = "<group>"; };
		A4EDB83D2220B7C900412A47 /* EditStudentProfileController.swift */ = {isa = PBXFileReference; lastKnownFileType = sourcecode.swift; path = EditStudentProfileController.swift; sourceTree = "<group>"; };
/* End PBXFileReference section */

/* Begin PBXFrameworksBuildPhase section */
		A450C65C2205ADE000BA4047 /* Frameworks */ = {
			isa = PBXFrameworksBuildPhase;
			buildActionMask = 2147483647;
			files = (
				A450C6932205B4CC00BA4047 /* CloudKit.framework in Frameworks */,
				A450C6942205B4F000BA4047 /* StoreKit.framework in Frameworks */,
			);
			runOnlyForDeploymentPostprocessing = 0;
		};
		A450C6742205AE1200BA4047 /* Frameworks */ = {
			isa = PBXFrameworksBuildPhase;
			buildActionMask = 2147483647;
			files = (
			);
			runOnlyForDeploymentPostprocessing = 0;
		};
		A450C67F2205AE1200BA4047 /* Frameworks */ = {
			isa = PBXFrameworksBuildPhase;
			buildActionMask = 2147483647;
			files = (
			);
			runOnlyForDeploymentPostprocessing = 0;
		};
		A4C1C8DB21FDA95100A88255 /* Frameworks */ = {
			isa = PBXFrameworksBuildPhase;
			buildActionMask = 2147483647;
			files = (
				A4C1C91221FDA97400A88255 /* CloudKit.framework in Frameworks */,
				A4C1C91621FDA9C200A88255 /* MapKit.framework in Frameworks */,
				A4C1C91421FDA9B900A88255 /* StoreKit.framework in Frameworks */,
			);
			runOnlyForDeploymentPostprocessing = 0;
		};
		A4C1C8F021FDA95500A88255 /* Frameworks */ = {
			isa = PBXFrameworksBuildPhase;
			buildActionMask = 2147483647;
			files = (
			);
			runOnlyForDeploymentPostprocessing = 0;
		};
		A4C1C8FB21FDA95500A88255 /* Frameworks */ = {
			isa = PBXFrameworksBuildPhase;
			buildActionMask = 2147483647;
			files = (
			);
			runOnlyForDeploymentPostprocessing = 0;
		};
		A4D3AD612207A99E00D48A64 /* Frameworks */ = {
			isa = PBXFrameworksBuildPhase;
			buildActionMask = 2147483647;
			files = (
			);
			runOnlyForDeploymentPostprocessing = 0;
		};
/* End PBXFrameworksBuildPhase section */

/* Begin PBXGroup section */
		A450C6602205ADE100BA4047 /* LessonBookT */ = {
			isa = PBXGroup;
			children = (
				A450C69922063F0200BA4047 /* Student+CoreDataClass.swift */,
				A450C69A22063F0200BA4047 /* Student+CoreDataProperties.swift */,
				A450C6922205B4C500BA4047 /* LessonBookT.entitlements */,
				A450C6612205ADE100BA4047 /* AppDelegate.swift */,
				A450C6662205ADE100BA4047 /* MasterViewController.swift */,
				A450C6682205ADE100BA4047 /* DetailViewController.swift */,
				A4D3AD942215161700D48A64 /* StudentEditViewController.swift */,
				A450C66A2205ADE200BA4047 /* Main.storyboard */,
				A450C66D2205AE0F00BA4047 /* Assets.xcassets */,
				A450C66F2205AE0F00BA4047 /* LaunchScreen.storyboard */,
				A450C6722205AE0F00BA4047 /* Info.plist */,
				A450C6632205ADE100BA4047 /* LessonBookT.xcdatamodeld */,
				A450C6952205BFE400BA4047 /* CloudKitManagedObject.swift */,
			);
			path = LessonBookT;
			sourceTree = "<group>";
		};
		A450C67A2205AE1200BA4047 /* LessonBookTTests */ = {
			isa = PBXGroup;
			children = (
				A450C67B2205AE1200BA4047 /* LessonBookTTests.swift */,
				A450C67D2205AE1200BA4047 /* Info.plist */,
			);
			path = LessonBookTTests;
			sourceTree = "<group>";
		};
		A450C6852205AE1200BA4047 /* LessonBookTUITests */ = {
			isa = PBXGroup;
			children = (
				A450C6862205AE1200BA4047 /* LessonBookTUITests.swift */,
				A450C6882205AE1200BA4047 /* Info.plist */,
			);
			path = LessonBookTUITests;
			sourceTree = "<group>";
		};
		A4C1C8D521FDA95100A88255 = {
			isa = PBXGroup;
			children = (
				A4C1C8E021FDA95100A88255 /* LessonBookX */,
				A4C1C8F621FDA95500A88255 /* LessonBookXTests */,
				A4C1C90121FDA95500A88255 /* LessonBookXUITests */,
				A450C6602205ADE100BA4047 /* LessonBookT */,
				A450C67A2205AE1200BA4047 /* LessonBookTTests */,
				A450C6852205AE1200BA4047 /* LessonBookTUITests */,
				A4C1C8DF21FDA95100A88255 /* Products */,
				A4C1C91021FDA97400A88255 /* Frameworks */,
				A4D3AD87220990E700D48A64 /* LessonBookXTTests copy-Info.plist */,
				A4D3AD90220990EB00D48A64 /* LessonBookXTTests copy copy-Info.plist */,
			);
			sourceTree = "<group>";
		};
		A4C1C8DF21FDA95100A88255 /* Products */ = {
			isa = PBXGroup;
			children = (
				A4C1C8DE21FDA95100A88255 /* LessonBookX.app */,
				A4C1C8F321FDA95500A88255 /* LessonBookXTests.xctest */,
				A4C1C8FE21FDA95500A88255 /* LessonBookXUITests.xctest */,
				A450C65F2205ADE000BA4047 /* LessonBookT.app */,
				A450C6772205AE1200BA4047 /* LessonBookTTests.xctest */,
				A450C6822205AE1200BA4047 /* LessonBookTUITests.xctest */,
				A4D3AD642207A99E00D48A64 /* LessonBookXTTests.xctest */,
			);
			name = Products;
			sourceTree = "<group>";
		};
		A4C1C8E021FDA95100A88255 /* LessonBookX */ = {
			isa = PBXGroup;
			children = (
				A4C1C95921FDBC2900A88255 /* Student+CoreDataClass.swift */,
				A4C1C95A21FDBC2900A88255 /* Student+CoreDataProperties.swift */,
				A4C1C8E121FDA95100A88255 /* AppDelegate.swift */,
				A4C1C8E321FDA95100A88255 /* ViewController.swift */,
				A4EDB83D2220B7C900412A47 /* EditStudentProfileController.swift */,
				A4C1C8E821FDA95500A88255 /* Assets.xcassets */,
				A4EDB83A2220AD9C00412A47 /* blank-avatar.jpg */,
				A4C1C8EA21FDA95500A88255 /* Main.storyboard */,
				A4C1C8ED21FDA95500A88255 /* Info.plist */,
				A4C1C8EE21FDA95500A88255 /* LessonBookX.entitlements */,
				A4C1C8E521FDA95100A88255 /* LessonBookX.xcdatamodeld */,
				A4C1C972220284CC00A88255 /* Localizable.strings */,
				A4D3AD91221330E100D48A64 /* ZoneOperations.swift */,
				A49CC7972221D24E00D9FA1F /* ImageExtensions.swift */,
			);
			path = LessonBookX;
			sourceTree = "<group>";
		};
		A4C1C8F621FDA95500A88255 /* LessonBookXTests */ = {
			isa = PBXGroup;
			children = (
				A4C1C8F721FDA95500A88255 /* LessonBookXTests.swift */,
				A4C1C8F921FDA95500A88255 /* Info.plist */,
			);
			path = LessonBookXTests;
			sourceTree = "<group>";
		};
		A4C1C90121FDA95500A88255 /* LessonBookXUITests */ = {
			isa = PBXGroup;
			children = (
				A4C1C90221FDA95500A88255 /* LessonBookXUITests.swift */,
				A4C1C90421FDA95500A88255 /* Info.plist */,
			);
			path = LessonBookXUITests;
			sourceTree = "<group>";
		};
		A4C1C91021FDA97400A88255 /* Frameworks */ = {
			isa = PBXGroup;
			children = (
				A4C1C95321FDAD6E00A88255 /* MapKit.framework */,
				A4C1C95121FDAD6800A88255 /* StoreKit.framework */,
				A4C1C94F21FDAD6000A88255 /* CloudKit.framework */,
				A4C1C91521FDA9C200A88255 /* MapKit.framework */,
				A4C1C91321FDA9B900A88255 /* StoreKit.framework */,
				A4C1C91121FDA97400A88255 /* CloudKit.framework */,
			);
			name = Frameworks;
			sourceTree = "<group>";
		};
/* End PBXGroup section */

/* Begin PBXNativeTarget section */
		A450C65E2205ADE000BA4047 /* LessonBookT */ = {
			isa = PBXNativeTarget;
			buildConfigurationList = A450C6892205AE1200BA4047 /* Build configuration list for PBXNativeTarget "LessonBookT" */;
			buildPhases = (
				A450C65B2205ADE000BA4047 /* Sources */,
				A450C65C2205ADE000BA4047 /* Frameworks */,
				A450C65D2205ADE000BA4047 /* Resources */,
			);
			buildRules = (
			);
			dependencies = (
			);
			name = LessonBookT;
			productName = LessonBookT;
			productReference = A450C65F2205ADE000BA4047 /* LessonBookT.app */;
			productType = "com.apple.product-type.application";
		};
		A450C6762205AE1200BA4047 /* LessonBookTTests */ = {
			isa = PBXNativeTarget;
			buildConfigurationList = A450C68C2205AE1200BA4047 /* Build configuration list for PBXNativeTarget "LessonBookTTests" */;
			buildPhases = (
				A450C6732205AE1200BA4047 /* Sources */,
				A450C6742205AE1200BA4047 /* Frameworks */,
				A450C6752205AE1200BA4047 /* Resources */,
			);
			buildRules = (
			);
			dependencies = (
				A450C6792205AE1200BA4047 /* PBXTargetDependency */,
			);
			name = LessonBookTTests;
			productName = LessonBookTTests;
			productReference = A450C6772205AE1200BA4047 /* LessonBookTTests.xctest */;
			productType = "com.apple.product-type.bundle.unit-test";
		};
		A450C6812205AE1200BA4047 /* LessonBookTUITests */ = {
			isa = PBXNativeTarget;
			buildConfigurationList = A450C68F2205AE1200BA4047 /* Build configuration list for PBXNativeTarget "LessonBookTUITests" */;
			buildPhases = (
				A450C67E2205AE1200BA4047 /* Sources */,
				A450C67F2205AE1200BA4047 /* Frameworks */,
				A450C6802205AE1200BA4047 /* Resources */,
			);
			buildRules = (
			);
			dependencies = (
				A450C6842205AE1200BA4047 /* PBXTargetDependency */,
			);
			name = LessonBookTUITests;
			productName = LessonBookTUITests;
			productReference = A450C6822205AE1200BA4047 /* LessonBookTUITests.xctest */;
			productType = "com.apple.product-type.bundle.ui-testing";
		};
		A4C1C8DD21FDA95100A88255 /* LessonBookX */ = {
			isa = PBXNativeTarget;
			buildConfigurationList = A4C1C90721FDA95500A88255 /* Build configuration list for PBXNativeTarget "LessonBookX" */;
			buildPhases = (
				A4C1C8DA21FDA95100A88255 /* Sources */,
				A4C1C8DB21FDA95100A88255 /* Frameworks */,
				A4C1C8DC21FDA95100A88255 /* Resources */,
			);
			buildRules = (
			);
			dependencies = (
			);
			name = LessonBookX;
			productName = LessonBookX;
			productReference = A4C1C8DE21FDA95100A88255 /* LessonBookX.app */;
			productType = "com.apple.product-type.application";
		};
		A4C1C8F221FDA95500A88255 /* LessonBookXTests */ = {
			isa = PBXNativeTarget;
			buildConfigurationList = A4C1C90A21FDA95500A88255 /* Build configuration list for PBXNativeTarget "LessonBookXTests" */;
			buildPhases = (
				A4C1C8EF21FDA95500A88255 /* Sources */,
				A4C1C8F021FDA95500A88255 /* Frameworks */,
				A4C1C8F121FDA95500A88255 /* Resources */,
			);
			buildRules = (
			);
			dependencies = (
				A4C1C8F521FDA95500A88255 /* PBXTargetDependency */,
			);
			name = LessonBookXTests;
			productName = LessonBookXTests;
			productReference = A4C1C8F321FDA95500A88255 /* LessonBookXTests.xctest */;
			productType = "com.apple.product-type.bundle.unit-test";
		};
		A4C1C8FD21FDA95500A88255 /* LessonBookXUITests */ = {
			isa = PBXNativeTarget;
			buildConfigurationList = A4C1C90D21FDA95500A88255 /* Build configuration list for PBXNativeTarget "LessonBookXUITests" */;
			buildPhases = (
				A4C1C8FA21FDA95500A88255 /* Sources */,
				A4C1C8FB21FDA95500A88255 /* Frameworks */,
				A4C1C8FC21FDA95500A88255 /* Resources */,
			);
			buildRules = (
			);
			dependencies = (
				A4C1C90021FDA95500A88255 /* PBXTargetDependency */,
			);
			name = LessonBookXUITests;
			productName = LessonBookXUITests;
			productReference = A4C1C8FE21FDA95500A88255 /* LessonBookXUITests.xctest */;
			productType = "com.apple.product-type.bundle.ui-testing";
		};
		A4D3AD632207A99E00D48A64 /* LessonBookXTTests */ = {
			isa = PBXNativeTarget;
			buildConfigurationList = A4D3AD792207A99F00D48A64 /* Build configuration list for PBXNativeTarget "LessonBookXTTests" */;
			buildPhases = (
				A4D3AD602207A99E00D48A64 /* Sources */,
				A4D3AD612207A99E00D48A64 /* Frameworks */,
				A4D3AD622207A99E00D48A64 /* Resources */,
			);
			buildRules = (
			);
			dependencies = (
			);
			name = LessonBookXTTests;
			productName = LessonBookXTTests;
			productReference = A4D3AD642207A99E00D48A64 /* LessonBookXTTests.xctest */;
			productType = "com.apple.product-type.bundle.unit-test";
		};
/* End PBXNativeTarget section */

/* Begin PBXProject section */
		A4C1C8D621FDA95100A88255 /* Project object */ = {
			isa = PBXProject;
			attributes = {
				LastSwiftUpdateCheck = 1010;
				LastUpgradeCheck = 1010;
				ORGANIZATIONNAME = "Michael Toth";
				TargetAttributes = {
					A450C65E2205ADE000BA4047 = {
						CreatedOnToolsVersion = 10.1;
						SystemCapabilities = {
							com.apple.BackgroundModes = {
								enabled = 1;
							};
							com.apple.InAppPurchase = {
								enabled = 1;
							};
							com.apple.Push = {
								enabled = 1;
							};
							com.apple.iCloud = {
								enabled = 1;
							};
						};
					};
					A450C6762205AE1200BA4047 = {
						CreatedOnToolsVersion = 10.1;
						TestTargetID = A450C65E2205ADE000BA4047;
					};
					A450C6812205AE1200BA4047 = {
						CreatedOnToolsVersion = 10.1;
						TestTargetID = A450C65E2205ADE000BA4047;
					};
					A4C1C8DD21FDA95100A88255 = {
						CreatedOnToolsVersion = 10.1;
						SystemCapabilities = {
							com.apple.InAppPurchase = {
								enabled = 1;
							};
							com.apple.Keychain = {
								enabled = 1;
							};
							com.apple.Maps.Mac = {
								enabled = 1;
							};
							com.apple.Push = {
								enabled = 1;
							};
							com.apple.iCloud = {
								enabled = 1;
							};
						};
					};
					A4C1C8F221FDA95500A88255 = {
						CreatedOnToolsVersion = 10.1;
						TestTargetID = A4C1C8DD21FDA95100A88255;
					};
					A4C1C8FD21FDA95500A88255 = {
						CreatedOnToolsVersion = 10.1;
						TestTargetID = A4C1C8DD21FDA95100A88255;
					};
					A4D3AD632207A99E00D48A64 = {
						CreatedOnToolsVersion = 10.1;
						TestTargetID = A4D3AD4F2207A92700D48A64;
					};
				};
			};
			buildConfigurationList = A4C1C8D921FDA95100A88255 /* Build configuration list for PBXProject "LessonBookX" */;
			compatibilityVersion = "Xcode 9.3";
			developmentRegion = en;
			hasScannedForEncodings = 0;
			knownRegions = (
				en,
				Base,
				es,
			);
			mainGroup = A4C1C8D521FDA95100A88255;
			productRefGroup = A4C1C8DF21FDA95100A88255 /* Products */;
			projectDirPath = "";
			projectRoot = "";
			targets = (
				A4C1C8DD21FDA95100A88255 /* LessonBookX */,
				A4C1C8F221FDA95500A88255 /* LessonBookXTests */,
				A4C1C8FD21FDA95500A88255 /* LessonBookXUITests */,
				A450C65E2205ADE000BA4047 /* LessonBookT */,
				A450C6762205AE1200BA4047 /* LessonBookTTests */,
				A450C6812205AE1200BA4047 /* LessonBookTUITests */,
				A4D3AD632207A99E00D48A64 /* LessonBookXTTests */,
			);
		};
/* End PBXProject section */

/* Begin PBXResourcesBuildPhase section */
		A450C65D2205ADE000BA4047 /* Resources */ = {
			isa = PBXResourcesBuildPhase;
			buildActionMask = 2147483647;
			files = (
				A450C6712205AE0F00BA4047 /* LaunchScreen.storyboard in Resources */,
				A450C66E2205AE0F00BA4047 /* Assets.xcassets in Resources */,
				A450C66C2205ADE200BA4047 /* Main.storyboard in Resources */,
				A4EDB83C2220AD9F00412A47 /* blank-avatar.jpg in Resources */,
			);
			runOnlyForDeploymentPostprocessing = 0;
		};
		A450C6752205AE1200BA4047 /* Resources */ = {
			isa = PBXResourcesBuildPhase;
			buildActionMask = 2147483647;
			files = (
			);
			runOnlyForDeploymentPostprocessing = 0;
		};
		A450C6802205AE1200BA4047 /* Resources */ = {
			isa = PBXResourcesBuildPhase;
			buildActionMask = 2147483647;
			files = (
			);
			runOnlyForDeploymentPostprocessing = 0;
		};
		A4C1C8DC21FDA95100A88255 /* Resources */ = {
			isa = PBXResourcesBuildPhase;
			buildActionMask = 2147483647;
			files = (
				A4C1C8E921FDA95500A88255 /* Assets.xcassets in Resources */,
				A4C1C970220284CC00A88255 /* Localizable.strings in Resources */,
				A4C1C8EC21FDA95500A88255 /* Main.storyboard in Resources */,
				A4EDB83B2220AD9E00412A47 /* blank-avatar.jpg in Resources */,
			);
			runOnlyForDeploymentPostprocessing = 0;
		};
		A4C1C8F121FDA95500A88255 /* Resources */ = {
			isa = PBXResourcesBuildPhase;
			buildActionMask = 2147483647;
			files = (
			);
			runOnlyForDeploymentPostprocessing = 0;
		};
		A4C1C8FC21FDA95500A88255 /* Resources */ = {
			isa = PBXResourcesBuildPhase;
			buildActionMask = 2147483647;
			files = (
			);
			runOnlyForDeploymentPostprocessing = 0;
		};
		A4D3AD622207A99E00D48A64 /* Resources */ = {
			isa = PBXResourcesBuildPhase;
			buildActionMask = 2147483647;
			files = (
			);
			runOnlyForDeploymentPostprocessing = 0;
		};
/* End PBXResourcesBuildPhase section */

/* Begin PBXSourcesBuildPhase section */
		A450C65B2205ADE000BA4047 /* Sources */ = {
			isa = PBXSourcesBuildPhase;
			buildActionMask = 2147483647;
			files = (
				A450C6622205ADE100BA4047 /* AppDelegate.swift in Sources */,
				A450C6652205ADE100BA4047 /* LessonBookT.xcdatamodeld in Sources */,
				A450C69E22063F0200BA4047 /* Student+CoreDataProperties.swift in Sources */,
				A450C6672205ADE100BA4047 /* MasterViewController.swift in Sources */,
				A4D3AD952215161800D48A64 /* StudentEditViewController.swift in Sources */,
				A450C69B22063F0200BA4047 /* Student+CoreDataClass.swift in Sources */,
				A450C6692205ADE100BA4047 /* DetailViewController.swift in Sources */,
				A450C6962205BFE400BA4047 /* CloudKitManagedObject.swift in Sources */,
				A4D3AD932213B72500D48A64 /* ZoneOperations.swift in Sources */,
			);
			runOnlyForDeploymentPostprocessing = 0;
		};
		A450C6732205AE1200BA4047 /* Sources */ = {
			isa = PBXSourcesBuildPhase;
			buildActionMask = 2147483647;
			files = (
				A450C69F22063F0200BA4047 /* Student+CoreDataProperties.swift in Sources */,
				A450C6A1220646BC00BA4047 /* CloudKitManagedObject.swift in Sources */,
				A450C67C2205AE1200BA4047 /* LessonBookTTests.swift in Sources */,
				A450C69C22063F0200BA4047 /* Student+CoreDataClass.swift in Sources */,
			);
			runOnlyForDeploymentPostprocessing = 0;
		};
		A450C67E2205AE1200BA4047 /* Sources */ = {
			isa = PBXSourcesBuildPhase;
			buildActionMask = 2147483647;
			files = (
				A450C6A022063F0200BA4047 /* Student+CoreDataProperties.swift in Sources */,
				A450C6A2220646BD00BA4047 /* CloudKitManagedObject.swift in Sources */,
				A450C6872205AE1200BA4047 /* LessonBookTUITests.swift in Sources */,
				A450C69D22063F0200BA4047 /* Student+CoreDataClass.swift in Sources */,
			);
			runOnlyForDeploymentPostprocessing = 0;
		};
		A4C1C8DA21FDA95100A88255 /* Sources */ = {
			isa = PBXSourcesBuildPhase;
			buildActionMask = 2147483647;
			files = (
				A4C1C8E421FDA95100A88255 /* ViewController.swift in Sources */,
				A4D3AD492207A55B00D48A64 /* CloudKitManagedObject.swift in Sources */,
				A4C1C95B21FDBC2900A88255 /* Student+CoreDataClass.swift in Sources */,
				A4EDB83E2220B7C900412A47 /* EditStudentProfileController.swift in Sources */,
				A4C1C8E221FDA95100A88255 /* AppDelegate.swift in Sources */,
				A4C1C8E721FDA95100A88255 /* LessonBookX.xcdatamodeld in Sources */,
				A49CC7982221D24E00D9FA1F /* ImageExtensions.swift in Sources */,
				A4D3AD92221330E100D48A64 /* ZoneOperations.swift in Sources */,
				A4C1C95C21FDBC2900A88255 /* Student+CoreDataProperties.swift in Sources */,
			);
			runOnlyForDeploymentPostprocessing = 0;
		};
		A4C1C8EF21FDA95500A88255 /* Sources */ = {
			isa = PBXSourcesBuildPhase;
			buildActionMask = 2147483647;
			files = (
				A4C1C8F821FDA95500A88255 /* LessonBookXTests.swift in Sources */,
				A4D3AD4A2207A55B00D48A64 /* CloudKitManagedObject.swift in Sources */,
			);
			runOnlyForDeploymentPostprocessing = 0;
		};
		A4C1C8FA21FDA95500A88255 /* Sources */ = {
			isa = PBXSourcesBuildPhase;
			buildActionMask = 2147483647;
			files = (
				A4C1C90321FDA95500A88255 /* LessonBookXUITests.swift in Sources */,
				A4D3AD4B2207A55C00D48A64 /* CloudKitManagedObject.swift in Sources */,
			);
			runOnlyForDeploymentPostprocessing = 0;
		};
		A4D3AD602207A99E00D48A64 /* Sources */ = {
			isa = PBXSourcesBuildPhase;
			buildActionMask = 2147483647;
			files = (
			);
			runOnlyForDeploymentPostprocessing = 0;
		};
/* End PBXSourcesBuildPhase section */

/* Begin PBXTargetDependency section */
		A450C6792205AE1200BA4047 /* PBXTargetDependency */ = {
			isa = PBXTargetDependency;
			target = A450C65E2205ADE000BA4047 /* LessonBookT */;
			targetProxy = A450C6782205AE1200BA4047 /* PBXContainerItemProxy */;
		};
		A450C6842205AE1200BA4047 /* PBXTargetDependency */ = {
			isa = PBXTargetDependency;
			target = A450C65E2205ADE000BA4047 /* LessonBookT */;
			targetProxy = A450C6832205AE1200BA4047 /* PBXContainerItemProxy */;
		};
		A4C1C8F521FDA95500A88255 /* PBXTargetDependency */ = {
			isa = PBXTargetDependency;
			target = A4C1C8DD21FDA95100A88255 /* LessonBookX */;
			targetProxy = A4C1C8F421FDA95500A88255 /* PBXContainerItemProxy */;
		};
		A4C1C90021FDA95500A88255 /* PBXTargetDependency */ = {
			isa = PBXTargetDependency;
			target = A4C1C8DD21FDA95100A88255 /* LessonBookX */;
			targetProxy = A4C1C8FF21FDA95500A88255 /* PBXContainerItemProxy */;
		};
/* End PBXTargetDependency section */

/* Begin PBXVariantGroup section */
		A450C66A2205ADE200BA4047 /* Main.storyboard */ = {
			isa = PBXVariantGroup;
			children = (
				A450C66B2205ADE200BA4047 /* Base */,
			);
			name = Main.storyboard;
			sourceTree = "<group>";
		};
		A450C66F2205AE0F00BA4047 /* LaunchScreen.storyboard */ = {
			isa = PBXVariantGroup;
			children = (
				A450C6702205AE0F00BA4047 /* Base */,
			);
			name = LaunchScreen.storyboard;
			sourceTree = "<group>";
		};
		A4C1C8EA21FDA95500A88255 /* Main.storyboard */ = {
			isa = PBXVariantGroup;
			children = (
				A4C1C8EB21FDA95500A88255 /* Base */,
				A4C1C9652202836A00A88255 /* es */,
			);
			name = Main.storyboard;
			sourceTree = "<group>";
		};
		A4C1C972220284CC00A88255 /* Localizable.strings */ = {
			isa = PBXVariantGroup;
			children = (
				A4C1C971220284CC00A88255 /* en */,
				A4C1C973220284D000A88255 /* es */,
			);
			name = Localizable.strings;
			sourceTree = "<group>";
		};
/* End PBXVariantGroup section */

/* Begin XCBuildConfiguration section */
		A450C68A2205AE1200BA4047 /* Debug */ = {
			isa = XCBuildConfiguration;
			buildSettings = {
				ASSETCATALOG_COMPILER_APPICON_NAME = AppIcon;
				CODE_SIGN_ENTITLEMENTS = LessonBookT/LessonBookT.entitlements;
				CODE_SIGN_IDENTITY = "iPhone Developer";
				CODE_SIGN_STYLE = Automatic;
				DEVELOPMENT_TEAM = 9E7Y9QZC52;
				INFOPLIST_FILE = LessonBookT/Info.plist;
				IPHONEOS_DEPLOYMENT_TARGET = 12.1;
				LD_RUNPATH_SEARCH_PATHS = (
					"$(inherited)",
					"@executable_path/Frameworks",
				);
				PRODUCT_BUNDLE_IDENTIFIER = com.virtualpianist.LessonBookT;
				PRODUCT_NAME = "$(TARGET_NAME)";
				SDKROOT = iphoneos;
				SWIFT_VERSION = 4.2;
				TARGETED_DEVICE_FAMILY = "1,2";
			};
			name = Debug;
		};
		A450C68B2205AE1200BA4047 /* Release */ = {
			isa = XCBuildConfiguration;
			buildSettings = {
				ASSETCATALOG_COMPILER_APPICON_NAME = AppIcon;
				CODE_SIGN_ENTITLEMENTS = LessonBookT/LessonBookT.entitlements;
				CODE_SIGN_IDENTITY = "iPhone Developer";
				CODE_SIGN_STYLE = Automatic;
				DEVELOPMENT_TEAM = 9E7Y9QZC52;
				INFOPLIST_FILE = LessonBookT/Info.plist;
				IPHONEOS_DEPLOYMENT_TARGET = 12.1;
				LD_RUNPATH_SEARCH_PATHS = (
					"$(inherited)",
					"@executable_path/Frameworks",
				);
				PRODUCT_BUNDLE_IDENTIFIER = com.virtualpianist.LessonBookT;
				PRODUCT_NAME = "$(TARGET_NAME)";
				SDKROOT = iphoneos;
				SWIFT_VERSION = 4.2;
				TARGETED_DEVICE_FAMILY = "1,2";
				VALIDATE_PRODUCT = YES;
			};
			name = Release;
		};
		A450C68D2205AE1200BA4047 /* Debug */ = {
			isa = XCBuildConfiguration;
			buildSettings = {
				ALWAYS_EMBED_SWIFT_STANDARD_LIBRARIES = YES;
				BUNDLE_LOADER = "$(TEST_HOST)";
				CODE_SIGN_IDENTITY = "iPhone Developer";
				CODE_SIGN_STYLE = Automatic;
				DEVELOPMENT_TEAM = 9E7Y9QZC52;
				INFOPLIST_FILE = LessonBookTTests/Info.plist;
				IPHONEOS_DEPLOYMENT_TARGET = 12.1;
				LD_RUNPATH_SEARCH_PATHS = (
					"$(inherited)",
					"@executable_path/Frameworks",
					"@loader_path/Frameworks",
				);
				PRODUCT_BUNDLE_IDENTIFIER = com.virtualpianist.LessonBookTTests;
				PRODUCT_NAME = "$(TARGET_NAME)";
				SDKROOT = iphoneos;
				SWIFT_VERSION = 4.2;
				TARGETED_DEVICE_FAMILY = "1,2";
				TEST_HOST = "$(BUILT_PRODUCTS_DIR)/LessonBookT.app/LessonBookT";
			};
			name = Debug;
		};
		A450C68E2205AE1200BA4047 /* Release */ = {
			isa = XCBuildConfiguration;
			buildSettings = {
				ALWAYS_EMBED_SWIFT_STANDARD_LIBRARIES = YES;
				BUNDLE_LOADER = "$(TEST_HOST)";
				CODE_SIGN_IDENTITY = "iPhone Developer";
				CODE_SIGN_STYLE = Automatic;
				DEVELOPMENT_TEAM = 9E7Y9QZC52;
				INFOPLIST_FILE = LessonBookTTests/Info.plist;
				IPHONEOS_DEPLOYMENT_TARGET = 12.1;
				LD_RUNPATH_SEARCH_PATHS = (
					"$(inherited)",
					"@executable_path/Frameworks",
					"@loader_path/Frameworks",
				);
				PRODUCT_BUNDLE_IDENTIFIER = com.virtualpianist.LessonBookTTests;
				PRODUCT_NAME = "$(TARGET_NAME)";
				SDKROOT = iphoneos;
				SWIFT_VERSION = 4.2;
				TARGETED_DEVICE_FAMILY = "1,2";
				TEST_HOST = "$(BUILT_PRODUCTS_DIR)/LessonBookT.app/LessonBookT";
				VALIDATE_PRODUCT = YES;
			};
			name = Release;
		};
		A450C6902205AE1200BA4047 /* Debug */ = {
			isa = XCBuildConfiguration;
			buildSettings = {
				ALWAYS_EMBED_SWIFT_STANDARD_LIBRARIES = YES;
				CODE_SIGN_IDENTITY = "iPhone Developer";
				CODE_SIGN_STYLE = Automatic;
				DEVELOPMENT_TEAM = 9E7Y9QZC52;
				INFOPLIST_FILE = LessonBookTUITests/Info.plist;
				IPHONEOS_DEPLOYMENT_TARGET = 12.1;
				LD_RUNPATH_SEARCH_PATHS = (
					"$(inherited)",
					"@executable_path/Frameworks",
					"@loader_path/Frameworks",
				);
				PRODUCT_BUNDLE_IDENTIFIER = com.virtualpianist.LessonBookTUITests;
				PRODUCT_NAME = "$(TARGET_NAME)";
				SDKROOT = iphoneos;
				SWIFT_VERSION = 4.2;
				TARGETED_DEVICE_FAMILY = "1,2";
				TEST_TARGET_NAME = LessonBookT;
			};
			name = Debug;
		};
		A450C6912205AE1200BA4047 /* Release */ = {
			isa = XCBuildConfiguration;
			buildSettings = {
				ALWAYS_EMBED_SWIFT_STANDARD_LIBRARIES = YES;
				CODE_SIGN_IDENTITY = "iPhone Developer";
				CODE_SIGN_STYLE = Automatic;
				DEVELOPMENT_TEAM = 9E7Y9QZC52;
				INFOPLIST_FILE = LessonBookTUITests/Info.plist;
				IPHONEOS_DEPLOYMENT_TARGET = 12.1;
				LD_RUNPATH_SEARCH_PATHS = (
					"$(inherited)",
					"@executable_path/Frameworks",
					"@loader_path/Frameworks",
				);
				PRODUCT_BUNDLE_IDENTIFIER = com.virtualpianist.LessonBookTUITests;
				PRODUCT_NAME = "$(TARGET_NAME)";
				SDKROOT = iphoneos;
				SWIFT_VERSION = 4.2;
				TARGETED_DEVICE_FAMILY = "1,2";
				TEST_TARGET_NAME = LessonBookT;
				VALIDATE_PRODUCT = YES;
			};
			name = Release;
		};
		A4C1C90521FDA95500A88255 /* Debug */ = {
			isa = XCBuildConfiguration;
			buildSettings = {
				ALWAYS_SEARCH_USER_PATHS = NO;
				CLANG_ANALYZER_LOCALIZABILITY_NONLOCALIZED = YES;
				CLANG_ANALYZER_NONNULL = YES;
				CLANG_ANALYZER_NUMBER_OBJECT_CONVERSION = YES_AGGRESSIVE;
				CLANG_CXX_LANGUAGE_STANDARD = "gnu++14";
				CLANG_CXX_LIBRARY = "libc++";
				CLANG_ENABLE_MODULES = YES;
				CLANG_ENABLE_OBJC_ARC = YES;
				CLANG_ENABLE_OBJC_WEAK = YES;
				CLANG_WARN_BLOCK_CAPTURE_AUTORELEASING = YES;
				CLANG_WARN_BOOL_CONVERSION = YES;
				CLANG_WARN_COMMA = YES;
				CLANG_WARN_CONSTANT_CONVERSION = YES;
				CLANG_WARN_DEPRECATED_OBJC_IMPLEMENTATIONS = YES;
				CLANG_WARN_DIRECT_OBJC_ISA_USAGE = YES_ERROR;
				CLANG_WARN_DOCUMENTATION_COMMENTS = YES;
				CLANG_WARN_EMPTY_BODY = YES;
				CLANG_WARN_ENUM_CONVERSION = YES;
				CLANG_WARN_INFINITE_RECURSION = YES;
				CLANG_WARN_INT_CONVERSION = YES;
				CLANG_WARN_NON_LITERAL_NULL_CONVERSION = YES;
				CLANG_WARN_OBJC_IMPLICIT_RETAIN_SELF = YES;
				CLANG_WARN_OBJC_LITERAL_CONVERSION = YES;
				CLANG_WARN_OBJC_ROOT_CLASS = YES_ERROR;
				CLANG_WARN_RANGE_LOOP_ANALYSIS = YES;
				CLANG_WARN_STRICT_PROTOTYPES = YES;
				CLANG_WARN_SUSPICIOUS_MOVE = YES;
				CLANG_WARN_UNGUARDED_AVAILABILITY = YES_AGGRESSIVE;
				CLANG_WARN_UNREACHABLE_CODE = YES;
				CLANG_WARN__DUPLICATE_METHOD_MATCH = YES;
				CODE_SIGN_IDENTITY = "Mac Developer";
				COPY_PHASE_STRIP = NO;
				DEBUG_INFORMATION_FORMAT = dwarf;
				ENABLE_STRICT_OBJC_MSGSEND = YES;
				ENABLE_TESTABILITY = YES;
				GCC_C_LANGUAGE_STANDARD = gnu11;
				GCC_DYNAMIC_NO_PIC = NO;
				GCC_NO_COMMON_BLOCKS = YES;
				GCC_OPTIMIZATION_LEVEL = 0;
				GCC_PREPROCESSOR_DEFINITIONS = (
					"DEBUG=1",
					"$(inherited)",
				);
				GCC_WARN_64_TO_32_BIT_CONVERSION = YES;
				GCC_WARN_ABOUT_RETURN_TYPE = YES_ERROR;
				GCC_WARN_UNDECLARED_SELECTOR = YES;
				GCC_WARN_UNINITIALIZED_AUTOS = YES_AGGRESSIVE;
				GCC_WARN_UNUSED_FUNCTION = YES;
				GCC_WARN_UNUSED_VARIABLE = YES;
				MACOSX_DEPLOYMENT_TARGET = 10.14;
				MTL_ENABLE_DEBUG_INFO = INCLUDE_SOURCE;
				MTL_FAST_MATH = YES;
				ONLY_ACTIVE_ARCH = YES;
				SDKROOT = macosx;
				SWIFT_ACTIVE_COMPILATION_CONDITIONS = DEBUG;
				SWIFT_OPTIMIZATION_LEVEL = "-Onone";
			};
			name = Debug;
		};
		A4C1C90621FDA95500A88255 /* Release */ = {
			isa = XCBuildConfiguration;
			buildSettings = {
				ALWAYS_SEARCH_USER_PATHS = NO;
				CLANG_ANALYZER_LOCALIZABILITY_NONLOCALIZED = YES;
				CLANG_ANALYZER_NONNULL = YES;
				CLANG_ANALYZER_NUMBER_OBJECT_CONVERSION = YES_AGGRESSIVE;
				CLANG_CXX_LANGUAGE_STANDARD = "gnu++14";
				CLANG_CXX_LIBRARY = "libc++";
				CLANG_ENABLE_MODULES = YES;
				CLANG_ENABLE_OBJC_ARC = YES;
				CLANG_ENABLE_OBJC_WEAK = YES;
				CLANG_WARN_BLOCK_CAPTURE_AUTORELEASING = YES;
				CLANG_WARN_BOOL_CONVERSION = YES;
				CLANG_WARN_COMMA = YES;
				CLANG_WARN_CONSTANT_CONVERSION = YES;
				CLANG_WARN_DEPRECATED_OBJC_IMPLEMENTATIONS = YES;
				CLANG_WARN_DIRECT_OBJC_ISA_USAGE = YES_ERROR;
				CLANG_WARN_DOCUMENTATION_COMMENTS = YES;
				CLANG_WARN_EMPTY_BODY = YES;
				CLANG_WARN_ENUM_CONVERSION = YES;
				CLANG_WARN_INFINITE_RECURSION = YES;
				CLANG_WARN_INT_CONVERSION = YES;
				CLANG_WARN_NON_LITERAL_NULL_CONVERSION = YES;
				CLANG_WARN_OBJC_IMPLICIT_RETAIN_SELF = YES;
				CLANG_WARN_OBJC_LITERAL_CONVERSION = YES;
				CLANG_WARN_OBJC_ROOT_CLASS = YES_ERROR;
				CLANG_WARN_RANGE_LOOP_ANALYSIS = YES;
				CLANG_WARN_STRICT_PROTOTYPES = YES;
				CLANG_WARN_SUSPICIOUS_MOVE = YES;
				CLANG_WARN_UNGUARDED_AVAILABILITY = YES_AGGRESSIVE;
				CLANG_WARN_UNREACHABLE_CODE = YES;
				CLANG_WARN__DUPLICATE_METHOD_MATCH = YES;
				CODE_SIGN_IDENTITY = "Mac Developer";
				COPY_PHASE_STRIP = NO;
				DEBUG_INFORMATION_FORMAT = "dwarf-with-dsym";
				ENABLE_NS_ASSERTIONS = NO;
				ENABLE_STRICT_OBJC_MSGSEND = YES;
				GCC_C_LANGUAGE_STANDARD = gnu11;
				GCC_NO_COMMON_BLOCKS = YES;
				GCC_WARN_64_TO_32_BIT_CONVERSION = YES;
				GCC_WARN_ABOUT_RETURN_TYPE = YES_ERROR;
				GCC_WARN_UNDECLARED_SELECTOR = YES;
				GCC_WARN_UNINITIALIZED_AUTOS = YES_AGGRESSIVE;
				GCC_WARN_UNUSED_FUNCTION = YES;
				GCC_WARN_UNUSED_VARIABLE = YES;
				MACOSX_DEPLOYMENT_TARGET = 10.14;
				MTL_ENABLE_DEBUG_INFO = NO;
				MTL_FAST_MATH = YES;
				SDKROOT = macosx;
				SWIFT_COMPILATION_MODE = wholemodule;
				SWIFT_OPTIMIZATION_LEVEL = "-O";
			};
			name = Release;
		};
		A4C1C90821FDA95500A88255 /* Debug */ = {
			isa = XCBuildConfiguration;
			buildSettings = {
				ASSETCATALOG_COMPILER_APPICON_NAME = AppIcon;
				CODE_SIGN_ENTITLEMENTS = LessonBookX/LessonBookX.entitlements;
				CODE_SIGN_STYLE = Automatic;
				COMBINE_HIDPI_IMAGES = YES;
				DEVELOPMENT_TEAM = 9E7Y9QZC52;
				INFOPLIST_FILE = LessonBookX/Info.plist;
				LD_RUNPATH_SEARCH_PATHS = (
					"$(inherited)",
					"@executable_path/../Frameworks",
				);
				PRODUCT_BUNDLE_IDENTIFIER = com.virtualpianist.LessonBookX;
				PRODUCT_NAME = "$(TARGET_NAME)";
				SWIFT_VERSION = 4.2;
			};
			name = Debug;
		};
		A4C1C90921FDA95500A88255 /* Release */ = {
			isa = XCBuildConfiguration;
			buildSettings = {
				ASSETCATALOG_COMPILER_APPICON_NAME = AppIcon;
				CODE_SIGN_ENTITLEMENTS = LessonBookX/LessonBookX.entitlements;
				CODE_SIGN_STYLE = Automatic;
				COMBINE_HIDPI_IMAGES = YES;
				DEVELOPMENT_TEAM = 9E7Y9QZC52;
				INFOPLIST_FILE = LessonBookX/Info.plist;
				LD_RUNPATH_SEARCH_PATHS = (
					"$(inherited)",
					"@executable_path/../Frameworks",
				);
				PRODUCT_BUNDLE_IDENTIFIER = com.virtualpianist.LessonBookX;
				PRODUCT_NAME = "$(TARGET_NAME)";
				SWIFT_VERSION = 4.2;
			};
			name = Release;
		};
		A4C1C90B21FDA95500A88255 /* Debug */ = {
			isa = XCBuildConfiguration;
			buildSettings = {
				ALWAYS_EMBED_SWIFT_STANDARD_LIBRARIES = YES;
				BUNDLE_LOADER = "$(TEST_HOST)";
				CODE_SIGN_STYLE = Automatic;
				COMBINE_HIDPI_IMAGES = YES;
				DEVELOPMENT_TEAM = 9E7Y9QZC52;
				INFOPLIST_FILE = LessonBookXTests/Info.plist;
				LD_RUNPATH_SEARCH_PATHS = (
					"$(inherited)",
					"@executable_path/../Frameworks",
					"@loader_path/../Frameworks",
				);
				PRODUCT_BUNDLE_IDENTIFIER = com.virtualpianist.LessonBookXTests;
				PRODUCT_NAME = "$(TARGET_NAME)";
				SWIFT_VERSION = 4.2;
				TEST_HOST = "$(BUILT_PRODUCTS_DIR)/LessonBookX.app/Contents/MacOS/LessonBookX";
			};
			name = Debug;
		};
		A4C1C90C21FDA95500A88255 /* Release */ = {
			isa = XCBuildConfiguration;
			buildSettings = {
				ALWAYS_EMBED_SWIFT_STANDARD_LIBRARIES = YES;
				BUNDLE_LOADER = "$(TEST_HOST)";
				CODE_SIGN_STYLE = Automatic;
				COMBINE_HIDPI_IMAGES = YES;
				DEVELOPMENT_TEAM = 9E7Y9QZC52;
				INFOPLIST_FILE = LessonBookXTests/Info.plist;
				LD_RUNPATH_SEARCH_PATHS = (
					"$(inherited)",
					"@executable_path/../Frameworks",
					"@loader_path/../Frameworks",
				);
				PRODUCT_BUNDLE_IDENTIFIER = com.virtualpianist.LessonBookXTests;
				PRODUCT_NAME = "$(TARGET_NAME)";
				SWIFT_VERSION = 4.2;
				TEST_HOST = "$(BUILT_PRODUCTS_DIR)/LessonBookX.app/Contents/MacOS/LessonBookX";
			};
			name = Release;
		};
		A4C1C90E21FDA95500A88255 /* Debug */ = {
			isa = XCBuildConfiguration;
			buildSettings = {
				ALWAYS_EMBED_SWIFT_STANDARD_LIBRARIES = YES;
				CODE_SIGN_STYLE = Automatic;
				COMBINE_HIDPI_IMAGES = YES;
				DEVELOPMENT_TEAM = 9E7Y9QZC52;
				INFOPLIST_FILE = LessonBookXUITests/Info.plist;
				LD_RUNPATH_SEARCH_PATHS = (
					"$(inherited)",
					"@executable_path/../Frameworks",
					"@loader_path/../Frameworks",
				);
				PRODUCT_BUNDLE_IDENTIFIER = com.virtualpianist.LessonBookXUITests;
				PRODUCT_NAME = "$(TARGET_NAME)";
				SWIFT_VERSION = 4.2;
				TEST_TARGET_NAME = LessonBookX;
			};
			name = Debug;
		};
		A4C1C90F21FDA95500A88255 /* Release */ = {
			isa = XCBuildConfiguration;
			buildSettings = {
				ALWAYS_EMBED_SWIFT_STANDARD_LIBRARIES = YES;
				CODE_SIGN_STYLE = Automatic;
				COMBINE_HIDPI_IMAGES = YES;
				DEVELOPMENT_TEAM = 9E7Y9QZC52;
				INFOPLIST_FILE = LessonBookXUITests/Info.plist;
				LD_RUNPATH_SEARCH_PATHS = (
					"$(inherited)",
					"@executable_path/../Frameworks",
					"@loader_path/../Frameworks",
				);
				PRODUCT_BUNDLE_IDENTIFIER = com.virtualpianist.LessonBookXUITests;
				PRODUCT_NAME = "$(TARGET_NAME)";
				SWIFT_VERSION = 4.2;
				TEST_TARGET_NAME = LessonBookX;
			};
			name = Release;
		};
		A4D3AD7A2207A99F00D48A64 /* Debug */ = {
			isa = XCBuildConfiguration;
			buildSettings = {
				BUNDLE_LOADER = "$(TEST_HOST)";
				CODE_SIGN_STYLE = Automatic;
				COMBINE_HIDPI_IMAGES = YES;
				DEVELOPMENT_TEAM = 9E7Y9QZC52;
				INFOPLIST_FILE = LessonBookXTTests/Info.plist;
				LD_RUNPATH_SEARCH_PATHS = (
					"$(inherited)",
					"@executable_path/../Frameworks",
					"@loader_path/../Frameworks",
				);
				PRODUCT_BUNDLE_IDENTIFIER = com.virtualpianist.LessonBookXTTests;
				PRODUCT_NAME = "$(TARGET_NAME)";
				SWIFT_VERSION = 4.2;
				TEST_HOST = "$(BUILT_PRODUCTS_DIR)/LessonBookXT.app/Contents/MacOS/LessonBookXT";
			};
			name = Debug;
		};
		A4D3AD7B2207A99F00D48A64 /* Release */ = {
			isa = XCBuildConfiguration;
			buildSettings = {
				BUNDLE_LOADER = "$(TEST_HOST)";
				CODE_SIGN_STYLE = Automatic;
				COMBINE_HIDPI_IMAGES = YES;
				DEVELOPMENT_TEAM = 9E7Y9QZC52;
				INFOPLIST_FILE = LessonBookXTTests/Info.plist;
				LD_RUNPATH_SEARCH_PATHS = (
					"$(inherited)",
					"@executable_path/../Frameworks",
					"@loader_path/../Frameworks",
				);
				PRODUCT_BUNDLE_IDENTIFIER = com.virtualpianist.LessonBookXTTests;
				PRODUCT_NAME = "$(TARGET_NAME)";
				SWIFT_VERSION = 4.2;
				TEST_HOST = "$(BUILT_PRODUCTS_DIR)/LessonBookXT.app/Contents/MacOS/LessonBookXT";
			};
			name = Release;
		};
/* End XCBuildConfiguration section */

/* Begin XCConfigurationList section */
		A450C6892205AE1200BA4047 /* Build configuration list for PBXNativeTarget "LessonBookT" */ = {
			isa = XCConfigurationList;
			buildConfigurations = (
				A450C68A2205AE1200BA4047 /* Debug */,
				A450C68B2205AE1200BA4047 /* Release */,
			);
			defaultConfigurationIsVisible = 0;
			defaultConfigurationName = Release;
		};
		A450C68C2205AE1200BA4047 /* Build configuration list for PBXNativeTarget "LessonBookTTests" */ = {
			isa = XCConfigurationList;
			buildConfigurations = (
				A450C68D2205AE1200BA4047 /* Debug */,
				A450C68E2205AE1200BA4047 /* Release */,
			);
			defaultConfigurationIsVisible = 0;
			defaultConfigurationName = Release;
		};
		A450C68F2205AE1200BA4047 /* Build configuration list for PBXNativeTarget "LessonBookTUITests" */ = {
			isa = XCConfigurationList;
			buildConfigurations = (
				A450C6902205AE1200BA4047 /* Debug */,
				A450C6912205AE1200BA4047 /* Release */,
			);
			defaultConfigurationIsVisible = 0;
			defaultConfigurationName = Release;
		};
		A4C1C8D921FDA95100A88255 /* Build configuration list for PBXProject "LessonBookX" */ = {
			isa = XCConfigurationList;
			buildConfigurations = (
				A4C1C90521FDA95500A88255 /* Debug */,
				A4C1C90621FDA95500A88255 /* Release */,
			);
			defaultConfigurationIsVisible = 0;
			defaultConfigurationName = Release;
		};
		A4C1C90721FDA95500A88255 /* Build configuration list for PBXNativeTarget "LessonBookX" */ = {
			isa = XCConfigurationList;
			buildConfigurations = (
				A4C1C90821FDA95500A88255 /* Debug */,
				A4C1C90921FDA95500A88255 /* Release */,
			);
			defaultConfigurationIsVisible = 0;
			defaultConfigurationName = Release;
		};
		A4C1C90A21FDA95500A88255 /* Build configuration list for PBXNativeTarget "LessonBookXTests" */ = {
			isa = XCConfigurationList;
			buildConfigurations = (
				A4C1C90B21FDA95500A88255 /* Debug */,
				A4C1C90C21FDA95500A88255 /* Release */,
			);
			defaultConfigurationIsVisible = 0;
			defaultConfigurationName = Release;
		};
		A4C1C90D21FDA95500A88255 /* Build configuration list for PBXNativeTarget "LessonBookXUITests" */ = {
			isa = XCConfigurationList;
			buildConfigurations = (
				A4C1C90E21FDA95500A88255 /* Debug */,
				A4C1C90F21FDA95500A88255 /* Release */,
			);
			defaultConfigurationIsVisible = 0;
			defaultConfigurationName = Release;
		};
		A4D3AD792207A99F00D48A64 /* Build configuration list for PBXNativeTarget "LessonBookXTTests" */ = {
			isa = XCConfigurationList;
			buildConfigurations = (
				A4D3AD7A2207A99F00D48A64 /* Debug */,
				A4D3AD7B2207A99F00D48A64 /* Release */,
			);
			defaultConfigurationIsVisible = 0;
			defaultConfigurationName = Release;
		};
/* End XCConfigurationList section */

/* Begin XCVersionGroup section */
		A450C6632205ADE100BA4047 /* LessonBookT.xcdatamodeld */ = {
			isa = XCVersionGroup;
			children = (
				A4BA9C3E221A170D00A65642 /* LessonBookT 2.xcdatamodel */,
				A450C6642205ADE100BA4047 /* LessonBookT.xcdatamodel */,
			);
			currentVersion = A4BA9C3E221A170D00A65642 /* LessonBookT 2.xcdatamodel */;
			path = LessonBookT.xcdatamodeld;
			sourceTree = "<group>";
			versionGroupType = wrapper.xcdatamodel;
		};
		A4C1C8E521FDA95100A88255 /* LessonBookX.xcdatamodeld */ = {
			isa = XCVersionGroup;
			children = (
				A4C1C8E621FDA95100A88255 /* LessonBookX.xcdatamodel */,
			);
			currentVersion = A4C1C8E621FDA95100A88255 /* LessonBookX.xcdatamodel */;
			path = LessonBookX.xcdatamodeld;
			sourceTree = "<group>";
			versionGroupType = wrapper.xcdatamodel;
		};
/* End XCVersionGroup section */
	};
	rootObject = A4C1C8D621FDA95100A88255 /* Project object */;
}
